// !$*UTF8*$!
{
	archiveVersion = 1;
	classes = {
	};
	objectVersion = 46;
	objects = {

/* Begin PBXBuildFile section */
		255707A77961A1A75E8FBDD8 /* Pods_Nimbl3Survey.framework in Frameworks */ = {isa = PBXBuildFile; fileRef = EC9FA8A3BA5CDF788ED20849 /* Pods_Nimbl3Survey.framework */; };
		791311FC1E8505C3009D0064 /* SurveyViewController.swift in Sources */ = {isa = PBXBuildFile; fileRef = 791311FB1E8505C3009D0064 /* SurveyViewController.swift */; };
		791311FE1E852141009D0064 /* PageIndicatorView.swift in Sources */ = {isa = PBXBuildFile; fileRef = 791311FD1E852141009D0064 /* PageIndicatorView.swift */; };
		791312041E86093F009D0064 /* SurveysViewController.swift in Sources */ = {isa = PBXBuildFile; fileRef = 791312031E86093F009D0064 /* SurveysViewController.swift */; };
		7913120D1E863BC5009D0064 /* Theme.swift in Sources */ = {isa = PBXBuildFile; fileRef = 7913120C1E863BC5009D0064 /* Theme.swift */; };
		7913120F1E863C62009D0064 /* UIColorExtensions.swift in Sources */ = {isa = PBXBuildFile; fileRef = 7913120E1E863C62009D0064 /* UIColorExtensions.swift */; };
		791312111E86776F009D0064 /* Constants.swift in Sources */ = {isa = PBXBuildFile; fileRef = 791312101E86776F009D0064 /* Constants.swift */; };
		7959B1FD1E84D3F900F81327 /* Survey.swift in Sources */ = {isa = PBXBuildFile; fileRef = 7959B1FC1E84D3F900F81327 /* Survey.swift */; };
		79F33F681E823EDD00634B9C /* AppDelegate.swift in Sources */ = {isa = PBXBuildFile; fileRef = 79F33F671E823EDD00634B9C /* AppDelegate.swift */; };
		79F33F6F1E823EDD00634B9C /* Assets.xcassets in Resources */ = {isa = PBXBuildFile; fileRef = 79F33F6E1E823EDD00634B9C /* Assets.xcassets */; };
		79F33F721E823EDD00634B9C /* LaunchScreen.storyboard in Resources */ = {isa = PBXBuildFile; fileRef = 79F33F701E823EDD00634B9C /* LaunchScreen.storyboard */; };
		79F33F7D1E823EDD00634B9C /* Nimbl3SurveyTests.swift in Sources */ = {isa = PBXBuildFile; fileRef = 79F33F7C1E823EDD00634B9C /* Nimbl3SurveyTests.swift */; };
		79F33F881E823EDD00634B9C /* Nimbl3SurveyUITests.swift in Sources */ = {isa = PBXBuildFile; fileRef = 79F33F871E823EDD00634B9C /* Nimbl3SurveyUITests.swift */; };
		79F33F961E82619200634B9C /* SurveyInfoView.swift in Sources */ = {isa = PBXBuildFile; fileRef = 79F33F951E82619200634B9C /* SurveyInfoView.swift */; };
		79F33F981E827E9100634B9C /* UIImageExtensions.swift in Sources */ = {isa = PBXBuildFile; fileRef = 79F33F971E827E9100634B9C /* UIImageExtensions.swift */; };
		79F33F9A1E82812E00634B9C /* SurveyInfoView.xib in Resources */ = {isa = PBXBuildFile; fileRef = 79F33F991E82812E00634B9C /* SurveyInfoView.xib */; };
		79F33F9C1E8284A300634B9C /* InterfaceBuilderInstantiable.swift in Sources */ = {isa = PBXBuildFile; fileRef = 79F33F9B1E8284A300634B9C /* InterfaceBuilderInstantiable.swift */; };
		79F33FA01E83D29B00634B9C /* SurveyApiClient.swift in Sources */ = {isa = PBXBuildFile; fileRef = 79F33F9F1E83D29B00634B9C /* SurveyApiClient.swift */; };
		79F33FA21E84D2F700634B9C /* surveys.json in Resources */ = {isa = PBXBuildFile; fileRef = 79F33FA11E84D2F700634B9C /* surveys.json */; };
/* End PBXBuildFile section */

/* Begin PBXContainerItemProxy section */
		79F33F791E823EDD00634B9C /* PBXContainerItemProxy */ = {
			isa = PBXContainerItemProxy;
			containerPortal = 79F33F5C1E823EDC00634B9C /* Project object */;
			proxyType = 1;
			remoteGlobalIDString = 79F33F631E823EDC00634B9C;
			remoteInfo = Nimbl3Survey;
		};
		79F33F841E823EDD00634B9C /* PBXContainerItemProxy */ = {
			isa = PBXContainerItemProxy;
			containerPortal = 79F33F5C1E823EDC00634B9C /* Project object */;
			proxyType = 1;
			remoteGlobalIDString = 79F33F631E823EDC00634B9C;
			remoteInfo = Nimbl3Survey;
		};
/* End PBXContainerItemProxy section */

/* Begin PBXFileReference section */
		791311FB1E8505C3009D0064 /* SurveyViewController.swift */ = {isa = PBXFileReference; fileEncoding = 4; lastKnownFileType = sourcecode.swift; path = SurveyViewController.swift; sourceTree = "<group>"; };
		791311FD1E852141009D0064 /* PageIndicatorView.swift */ = {isa = PBXFileReference; fileEncoding = 4; lastKnownFileType = sourcecode.swift; path = PageIndicatorView.swift; sourceTree = "<group>"; };
		791312031E86093F009D0064 /* SurveysViewController.swift */ = {isa = PBXFileReference; fileEncoding = 4; lastKnownFileType = sourcecode.swift; path = SurveysViewController.swift; sourceTree = "<group>"; };
		7913120C1E863BC5009D0064 /* Theme.swift */ = {isa = PBXFileReference; fileEncoding = 4; lastKnownFileType = sourcecode.swift; path = Theme.swift; sourceTree = "<group>"; };
		7913120E1E863C62009D0064 /* UIColorExtensions.swift */ = {isa = PBXFileReference; fileEncoding = 4; lastKnownFileType = sourcecode.swift; path = UIColorExtensions.swift; sourceTree = "<group>"; };
		791312101E86776F009D0064 /* Constants.swift */ = {isa = PBXFileReference; fileEncoding = 4; lastKnownFileType = sourcecode.swift; path = Constants.swift; sourceTree = "<group>"; };
		7959B1FC1E84D3F900F81327 /* Survey.swift */ = {isa = PBXFileReference; fileEncoding = 4; lastKnownFileType = sourcecode.swift; path = Survey.swift; sourceTree = "<group>"; };
		79F33F641E823EDD00634B9C /* Nimbl3Survey.app */ = {isa = PBXFileReference; explicitFileType = wrapper.application; includeInIndex = 0; path = Nimbl3Survey.app; sourceTree = BUILT_PRODUCTS_DIR; };
		79F33F671E823EDD00634B9C /* AppDelegate.swift */ = {isa = PBXFileReference; lastKnownFileType = sourcecode.swift; path = AppDelegate.swift; sourceTree = "<group>"; };
		79F33F6E1E823EDD00634B9C /* Assets.xcassets */ = {isa = PBXFileReference; lastKnownFileType = folder.assetcatalog; path = Assets.xcassets; sourceTree = "<group>"; };
		79F33F711E823EDD00634B9C /* Base */ = {isa = PBXFileReference; lastKnownFileType = file.storyboard; name = Base; path = Base.lproj/LaunchScreen.storyboard; sourceTree = "<group>"; };
		79F33F731E823EDD00634B9C /* Info.plist */ = {isa = PBXFileReference; lastKnownFileType = text.plist.xml; path = Info.plist; sourceTree = "<group>"; };
		79F33F781E823EDD00634B9C /* Nimbl3SurveyTests.xctest */ = {isa = PBXFileReference; explicitFileType = wrapper.cfbundle; includeInIndex = 0; path = Nimbl3SurveyTests.xctest; sourceTree = BUILT_PRODUCTS_DIR; };
		79F33F7C1E823EDD00634B9C /* Nimbl3SurveyTests.swift */ = {isa = PBXFileReference; lastKnownFileType = sourcecode.swift; path = Nimbl3SurveyTests.swift; sourceTree = "<group>"; };
		79F33F7E1E823EDD00634B9C /* Info.plist */ = {isa = PBXFileReference; lastKnownFileType = text.plist.xml; path = Info.plist; sourceTree = "<group>"; };
		79F33F831E823EDD00634B9C /* Nimbl3SurveyUITests.xctest */ = {isa = PBXFileReference; explicitFileType = wrapper.cfbundle; includeInIndex = 0; path = Nimbl3SurveyUITests.xctest; sourceTree = BUILT_PRODUCTS_DIR; };
		79F33F871E823EDD00634B9C /* Nimbl3SurveyUITests.swift */ = {isa = PBXFileReference; lastKnownFileType = sourcecode.swift; path = Nimbl3SurveyUITests.swift; sourceTree = "<group>"; };
		79F33F891E823EDD00634B9C /* Info.plist */ = {isa = PBXFileReference; lastKnownFileType = text.plist.xml; path = Info.plist; sourceTree = "<group>"; };
		79F33F951E82619200634B9C /* SurveyInfoView.swift */ = {isa = PBXFileReference; fileEncoding = 4; lastKnownFileType = sourcecode.swift; path = SurveyInfoView.swift; sourceTree = "<group>"; };
		79F33F971E827E9100634B9C /* UIImageExtensions.swift */ = {isa = PBXFileReference; fileEncoding = 4; lastKnownFileType = sourcecode.swift; path = UIImageExtensions.swift; sourceTree = "<group>"; };
		79F33F991E82812E00634B9C /* SurveyInfoView.xib */ = {isa = PBXFileReference; fileEncoding = 4; lastKnownFileType = file.xib; path = SurveyInfoView.xib; sourceTree = "<group>"; };
		79F33F9B1E8284A300634B9C /* InterfaceBuilderInstantiable.swift */ = {isa = PBXFileReference; fileEncoding = 4; lastKnownFileType = sourcecode.swift; path = InterfaceBuilderInstantiable.swift; sourceTree = "<group>"; };
		79F33F9F1E83D29B00634B9C /* SurveyApiClient.swift */ = {isa = PBXFileReference; fileEncoding = 4; lastKnownFileType = sourcecode.swift; path = SurveyApiClient.swift; sourceTree = "<group>"; };
		79F33FA11E84D2F700634B9C /* surveys.json */ = {isa = PBXFileReference; fileEncoding = 4; lastKnownFileType = text.json; path = surveys.json; sourceTree = "<group>"; };
		8E80D50A74CE04198313BC84 /* Pods-Nimbl3Survey.debug.xcconfig */ = {isa = PBXFileReference; includeInIndex = 1; lastKnownFileType = text.xcconfig; name = "Pods-Nimbl3Survey.debug.xcconfig"; path = "Pods/Target Support Files/Pods-Nimbl3Survey/Pods-Nimbl3Survey.debug.xcconfig"; sourceTree = "<group>"; };
		9021A2D512088113AC55C155 /* Pods-Nimbl3Survey.release.xcconfig */ = {isa = PBXFileReference; includeInIndex = 1; lastKnownFileType = text.xcconfig; name = "Pods-Nimbl3Survey.release.xcconfig"; path = "Pods/Target Support Files/Pods-Nimbl3Survey/Pods-Nimbl3Survey.release.xcconfig"; sourceTree = "<group>"; };
		EC9FA8A3BA5CDF788ED20849 /* Pods_Nimbl3Survey.framework */ = {isa = PBXFileReference; explicitFileType = wrapper.framework; includeInIndex = 0; path = Pods_Nimbl3Survey.framework; sourceTree = BUILT_PRODUCTS_DIR; };
/* End PBXFileReference section */

/* Begin PBXFrameworksBuildPhase section */
		79F33F611E823EDC00634B9C /* Frameworks */ = {
			isa = PBXFrameworksBuildPhase;
			buildActionMask = 2147483647;
			files = (
				255707A77961A1A75E8FBDD8 /* Pods_Nimbl3Survey.framework in Frameworks */,
			);
			runOnlyForDeploymentPostprocessing = 0;
		};
		79F33F751E823EDD00634B9C /* Frameworks */ = {
			isa = PBXFrameworksBuildPhase;
			buildActionMask = 2147483647;
			files = (
			);
			runOnlyForDeploymentPostprocessing = 0;
		};
		79F33F801E823EDD00634B9C /* Frameworks */ = {
			isa = PBXFrameworksBuildPhase;
			buildActionMask = 2147483647;
			files = (
			);
			runOnlyForDeploymentPostprocessing = 0;
		};
/* End PBXFrameworksBuildPhase section */

/* Begin PBXGroup section */
		2DA1F2BAFBE95A68AB0479BA /* Frameworks */ = {
			isa = PBXGroup;
			children = (
				EC9FA8A3BA5CDF788ED20849 /* Pods_Nimbl3Survey.framework */,
			);
			name = Frameworks;
			sourceTree = "<group>";
		};
		791312051E86307C009D0064 /* Extensions */ = {
			isa = PBXGroup;
			children = (
				79F33F971E827E9100634B9C /* UIImageExtensions.swift */,
				7913120E1E863C62009D0064 /* UIColorExtensions.swift */,
			);
			name = Extensions;
			sourceTree = "<group>";
		};
		791312061E863084009D0064 /* Protocols */ = {
			isa = PBXGroup;
			children = (
				79F33F9B1E8284A300634B9C /* InterfaceBuilderInstantiable.swift */,
			);
			name = Protocols;
			sourceTree = "<group>";
		};
		791312071E863097009D0064 /* Controls */ = {
			isa = PBXGroup;
			children = (
				791311FD1E852141009D0064 /* PageIndicatorView.swift */,
			);
			name = Controls;
			sourceTree = "<group>";
		};
		791312091E86310E009D0064 /* ViewControllers */ = {
			isa = PBXGroup;
			children = (
				7913120A1E863115009D0064 /* SurveysViewController */,
				7913120B1E863124009D0064 /* SurveyInfoViewController */,
			);
			name = ViewControllers;
			sourceTree = "<group>";
		};
		7913120A1E863115009D0064 /* SurveysViewController */ = {
			isa = PBXGroup;
			children = (
				791312031E86093F009D0064 /* SurveysViewController.swift */,
			);
			name = SurveysViewController;
			sourceTree = "<group>";
		};
		7913120B1E863124009D0064 /* SurveyInfoViewController */ = {
			isa = PBXGroup;
			children = (
				791311FB1E8505C3009D0064 /* SurveyViewController.swift */,
				79F33F991E82812E00634B9C /* SurveyInfoView.xib */,
				79F33F951E82619200634B9C /* SurveyInfoView.swift */,
			);
			name = SurveyInfoViewController;
			sourceTree = "<group>";
		};
		7959B1FB1E84D3E700F81327 /* Model */ = {
			isa = PBXGroup;
			children = (
				7959B1FC1E84D3F900F81327 /* Survey.swift */,
				7913120C1E863BC5009D0064 /* Theme.swift */,
			);
			name = Model;
			sourceTree = "<group>";
		};
		79F33F5B1E823EDC00634B9C = {
			isa = PBXGroup;
			children = (
				79F33F661E823EDD00634B9C /* Nimbl3Survey */,
				79F33F7B1E823EDD00634B9C /* Nimbl3SurveyTests */,
				79F33F861E823EDD00634B9C /* Nimbl3SurveyUITests */,
				79F33F651E823EDD00634B9C /* Products */,
				FCE6682AFB1C53EF51BA5F38 /* Pods */,
				2DA1F2BAFBE95A68AB0479BA /* Frameworks */,
			);
			sourceTree = "<group>";
		};
		79F33F651E823EDD00634B9C /* Products */ = {
			isa = PBXGroup;
			children = (
				79F33F641E823EDD00634B9C /* Nimbl3Survey.app */,
				79F33F781E823EDD00634B9C /* Nimbl3SurveyTests.xctest */,
				79F33F831E823EDD00634B9C /* Nimbl3SurveyUITests.xctest */,
			);
			name = Products;
			sourceTree = "<group>";
		};
		79F33F661E823EDD00634B9C /* Nimbl3Survey */ = {
			isa = PBXGroup;
			children = (
				791312071E863097009D0064 /* Controls */,
				791312061E863084009D0064 /* Protocols */,
				791312051E86307C009D0064 /* Extensions */,
				7959B1FB1E84D3E700F81327 /* Model */,
				791312091E86310E009D0064 /* ViewControllers */,
				79F33F9F1E83D29B00634B9C /* SurveyApiClient.swift */,
				79F33F671E823EDD00634B9C /* AppDelegate.swift */,
				79F33F6E1E823EDD00634B9C /* Assets.xcassets */,
				79F33F701E823EDD00634B9C /* LaunchScreen.storyboard */,
				79F33F731E823EDD00634B9C /* Info.plist */,
				791312101E86776F009D0064 /* Constants.swift */,
			);
			path = Nimbl3Survey;
			sourceTree = "<group>";
		};
		79F33F7B1E823EDD00634B9C /* Nimbl3SurveyTests */ = {
			isa = PBXGroup;
			children = (
				79F33F7C1E823EDD00634B9C /* Nimbl3SurveyTests.swift */,
				79F33F7E1E823EDD00634B9C /* Info.plist */,
				79F33FA11E84D2F700634B9C /* surveys.json */,
			);
			path = Nimbl3SurveyTests;
			sourceTree = "<group>";
		};
		79F33F861E823EDD00634B9C /* Nimbl3SurveyUITests */ = {
			isa = PBXGroup;
			children = (
				79F33F871E823EDD00634B9C /* Nimbl3SurveyUITests.swift */,
				79F33F891E823EDD00634B9C /* Info.plist */,
			);
			path = Nimbl3SurveyUITests;
			sourceTree = "<group>";
		};
		FCE6682AFB1C53EF51BA5F38 /* Pods */ = {
			isa = PBXGroup;
			children = (
				8E80D50A74CE04198313BC84 /* Pods-Nimbl3Survey.debug.xcconfig */,
				9021A2D512088113AC55C155 /* Pods-Nimbl3Survey.release.xcconfig */,
			);
			name = Pods;
			sourceTree = "<group>";
		};
/* End PBXGroup section */

/* Begin PBXNativeTarget section */
		79F33F631E823EDC00634B9C /* Nimbl3Survey */ = {
			isa = PBXNativeTarget;
			buildConfigurationList = 79F33F8C1E823EDD00634B9C /* Build configuration list for PBXNativeTarget "Nimbl3Survey" */;
			buildPhases = (
				7C44447D60693353BD828E3F /* [CP] Check Pods Manifest.lock */,
				79F33F601E823EDC00634B9C /* Sources */,
				79F33F611E823EDC00634B9C /* Frameworks */,
				79F33F621E823EDC00634B9C /* Resources */,
				5E44EB2480DF42F2E1B14351 /* [CP] Embed Pods Frameworks */,
				97A5EF467AC6B3D22A796DF0 /* [CP] Copy Pods Resources */,
			);
			buildRules = (
			);
			dependencies = (
			);
			name = Nimbl3Survey;
			productName = Nimbl3Survey;
			productReference = 79F33F641E823EDD00634B9C /* Nimbl3Survey.app */;
			productType = "com.apple.product-type.application";
		};
		79F33F771E823EDD00634B9C /* Nimbl3SurveyTests */ = {
			isa = PBXNativeTarget;
			buildConfigurationList = 79F33F8F1E823EDD00634B9C /* Build configuration list for PBXNativeTarget "Nimbl3SurveyTests" */;
			buildPhases = (
				79F33F741E823EDD00634B9C /* Sources */,
				79F33F751E823EDD00634B9C /* Frameworks */,
				79F33F761E823EDD00634B9C /* Resources */,
			);
			buildRules = (
			);
			dependencies = (
				79F33F7A1E823EDD00634B9C /* PBXTargetDependency */,
			);
			name = Nimbl3SurveyTests;
			productName = Nimbl3SurveyTests;
			productReference = 79F33F781E823EDD00634B9C /* Nimbl3SurveyTests.xctest */;
			productType = "com.apple.product-type.bundle.unit-test";
		};
		79F33F821E823EDD00634B9C /* Nimbl3SurveyUITests */ = {
			isa = PBXNativeTarget;
			buildConfigurationList = 79F33F921E823EDD00634B9C /* Build configuration list for PBXNativeTarget "Nimbl3SurveyUITests" */;
			buildPhases = (
				79F33F7F1E823EDD00634B9C /* Sources */,
				79F33F801E823EDD00634B9C /* Frameworks */,
				79F33F811E823EDD00634B9C /* Resources */,
			);
			buildRules = (
			);
			dependencies = (
				79F33F851E823EDD00634B9C /* PBXTargetDependency */,
			);
			name = Nimbl3SurveyUITests;
			productName = Nimbl3SurveyUITests;
			productReference = 79F33F831E823EDD00634B9C /* Nimbl3SurveyUITests.xctest */;
			productType = "com.apple.product-type.bundle.ui-testing";
		};
/* End PBXNativeTarget section */

/* Begin PBXProject section */
		79F33F5C1E823EDC00634B9C /* Project object */ = {
			isa = PBXProject;
			attributes = {
				LastSwiftUpdateCheck = 0820;
				LastUpgradeCheck = 0820;
				ORGANIZATIONNAME = Wolftrail;
				TargetAttributes = {
					79F33F631E823EDC00634B9C = {
						CreatedOnToolsVersion = 8.2.1;
						DevelopmentTeam = Q97F9KZ3J6;
						ProvisioningStyle = Automatic;
					};
					79F33F771E823EDD00634B9C = {
						CreatedOnToolsVersion = 8.2.1;
						DevelopmentTeam = Q97F9KZ3J6;
						ProvisioningStyle = Automatic;
						TestTargetID = 79F33F631E823EDC00634B9C;
					};
					79F33F821E823EDD00634B9C = {
						CreatedOnToolsVersion = 8.2.1;
						DevelopmentTeam = Q97F9KZ3J6;
						ProvisioningStyle = Automatic;
						TestTargetID = 79F33F631E823EDC00634B9C;
					};
				};
			};
			buildConfigurationList = 79F33F5F1E823EDC00634B9C /* Build configuration list for PBXProject "Nimbl3Survey" */;
			compatibilityVersion = "Xcode 3.2";
			developmentRegion = English;
			hasScannedForEncodings = 0;
			knownRegions = (
				en,
				Base,
			);
			mainGroup = 79F33F5B1E823EDC00634B9C;
			productRefGroup = 79F33F651E823EDD00634B9C /* Products */;
			projectDirPath = "";
			projectRoot = "";
			targets = (
				79F33F631E823EDC00634B9C /* Nimbl3Survey */,
				79F33F771E823EDD00634B9C /* Nimbl3SurveyTests */,
				79F33F821E823EDD00634B9C /* Nimbl3SurveyUITests */,
			);
		};
/* End PBXProject section */

/* Begin PBXResourcesBuildPhase section */
		79F33F621E823EDC00634B9C /* Resources */ = {
			isa = PBXResourcesBuildPhase;
			buildActionMask = 2147483647;
			files = (
				79F33F9A1E82812E00634B9C /* SurveyInfoView.xib in Resources */,
				79F33F721E823EDD00634B9C /* LaunchScreen.storyboard in Resources */,
				79F33F6F1E823EDD00634B9C /* Assets.xcassets in Resources */,
			);
			runOnlyForDeploymentPostprocessing = 0;
		};
		79F33F761E823EDD00634B9C /* Resources */ = {
			isa = PBXResourcesBuildPhase;
			buildActionMask = 2147483647;
			files = (
				79F33FA21E84D2F700634B9C /* surveys.json in Resources */,
			);
			runOnlyForDeploymentPostprocessing = 0;
		};
		79F33F811E823EDD00634B9C /* Resources */ = {
			isa = PBXResourcesBuildPhase;
			buildActionMask = 2147483647;
			files = (
			);
			runOnlyForDeploymentPostprocessing = 0;
		};
/* End PBXResourcesBuildPhase section */

/* Begin PBXShellScriptBuildPhase section */
		5E44EB2480DF42F2E1B14351 /* [CP] Embed Pods Frameworks */ = {
			isa = PBXShellScriptBuildPhase;
			buildActionMask = 2147483647;
			files = (
			);
			inputPaths = (
			);
			name = "[CP] Embed Pods Frameworks";
			outputPaths = (
			);
			runOnlyForDeploymentPostprocessing = 0;
			shellPath = /bin/sh;
			shellScript = "\"${SRCROOT}/Pods/Target Support Files/Pods-Nimbl3Survey/Pods-Nimbl3Survey-frameworks.sh\"\n";
			showEnvVarsInLog = 0;
		};
		7C44447D60693353BD828E3F /* [CP] Check Pods Manifest.lock */ = {
			isa = PBXShellScriptBuildPhase;
			buildActionMask = 2147483647;
			files = (
			);
			inputPaths = (
			);
			name = "[CP] Check Pods Manifest.lock";
			outputPaths = (
			);
			runOnlyForDeploymentPostprocessing = 0;
			shellPath = /bin/sh;
			shellScript = "diff \"${PODS_ROOT}/../Podfile.lock\" \"${PODS_ROOT}/Manifest.lock\" > /dev/null\nif [ $? != 0 ] ; then\n    # print error to STDERR\n    echo \"error: The sandbox is not in sync with the Podfile.lock. Run 'pod install' or update your CocoaPods installation.\" >&2\n    exit 1\nfi\n";
			showEnvVarsInLog = 0;
		};
		97A5EF467AC6B3D22A796DF0 /* [CP] Copy Pods Resources */ = {
			isa = PBXShellScriptBuildPhase;
			buildActionMask = 2147483647;
			files = (
			);
			inputPaths = (
			);
			name = "[CP] Copy Pods Resources";
			outputPaths = (
			);
			runOnlyForDeploymentPostprocessing = 0;
			shellPath = /bin/sh;
			shellScript = "\"${SRCROOT}/Pods/Target Support Files/Pods-Nimbl3Survey/Pods-Nimbl3Survey-resources.sh\"\n";
			showEnvVarsInLog = 0;
		};
/* End PBXShellScriptBuildPhase section */

/* Begin PBXSourcesBuildPhase section */
		79F33F601E823EDC00634B9C /* Sources */ = {
			isa = PBXSourcesBuildPhase;
			buildActionMask = 2147483647;
			files = (
				79F33F961E82619200634B9C /* SurveyInfoView.swift in Sources */,
				791311FE1E852141009D0064 /* PageIndicatorView.swift in Sources */,
				791311FC1E8505C3009D0064 /* SurveyViewController.swift in Sources */,
				7959B1FD1E84D3F900F81327 /* Survey.swift in Sources */,
				79F33F681E823EDD00634B9C /* AppDelegate.swift in Sources */,
				79F33F9C1E8284A300634B9C /* InterfaceBuilderInstantiable.swift in Sources */,
				7913120F1E863C62009D0064 /* UIColorExtensions.swift in Sources */,
				79F33F981E827E9100634B9C /* UIImageExtensions.swift in Sources */,
				7913120D1E863BC5009D0064 /* Theme.swift in Sources */,
				791312041E86093F009D0064 /* SurveysViewController.swift in Sources */,
				79F33FA01E83D29B00634B9C /* SurveyApiClient.swift in Sources */,
				791312111E86776F009D0064 /* Constants.swift in Sources */,
			);
			runOnlyForDeploymentPostprocessing = 0;
		};
		79F33F741E823EDD00634B9C /* Sources */ = {
			isa = PBXSourcesBuildPhase;
			buildActionMask = 2147483647;
			files = (
				79F33F7D1E823EDD00634B9C /* Nimbl3SurveyTests.swift in Sources */,
			);
			runOnlyForDeploymentPostprocessing = 0;
		};
		79F33F7F1E823EDD00634B9C /* Sources */ = {
			isa = PBXSourcesBuildPhase;
			buildActionMask = 2147483647;
			files = (
				79F33F881E823EDD00634B9C /* Nimbl3SurveyUITests.swift in Sources */,
			);
			runOnlyForDeploymentPostprocessing = 0;
		};
/* End PBXSourcesBuildPhase section */

/* Begin PBXTargetDependency section */
		79F33F7A1E823EDD00634B9C /* PBXTargetDependency */ = {
			isa = PBXTargetDependency;
			target = 79F33F631E823EDC00634B9C /* Nimbl3Survey */;
			targetProxy = 79F33F791E823EDD00634B9C /* PBXContainerItemProxy */;
		};
		79F33F851E823EDD00634B9C /* PBXTargetDependency */ = {
			isa = PBXTargetDependency;
			target = 79F33F631E823EDC00634B9C /* Nimbl3Survey */;
			targetProxy = 79F33F841E823EDD00634B9C /* PBXContainerItemProxy */;
		};
/* End PBXTargetDependency section */

/* Begin PBXVariantGroup section */
		79F33F701E823EDD00634B9C /* LaunchScreen.storyboard */ = {
			isa = PBXVariantGroup;
			children = (
				79F33F711E823EDD00634B9C /* Base */,
			);
			name = LaunchScreen.storyboard;
			sourceTree = "<group>";
		};
/* End PBXVariantGroup section */

/* Begin XCBuildConfiguration section */
		79F33F8A1E823EDD00634B9C /* Debug */ = {
			isa = XCBuildConfiguration;
			buildSettings = {
				ALWAYS_SEARCH_USER_PATHS = NO;
				CLANG_ANALYZER_NONNULL = YES;
				CLANG_CXX_LANGUAGE_STANDARD = "gnu++0x";
				CLANG_CXX_LIBRARY = "libc++";
				CLANG_ENABLE_MODULES = YES;
				CLANG_ENABLE_OBJC_ARC = YES;
				CLANG_WARN_BOOL_CONVERSION = YES;
				CLANG_WARN_CONSTANT_CONVERSION = YES;
				CLANG_WARN_DIRECT_OBJC_ISA_USAGE = YES_ERROR;
				CLANG_WARN_DOCUMENTATION_COMMENTS = YES;
				CLANG_WARN_EMPTY_BODY = YES;
				CLANG_WARN_ENUM_CONVERSION = YES;
				CLANG_WARN_INFINITE_RECURSION = YES;
				CLANG_WARN_INT_CONVERSION = YES;
				CLANG_WARN_OBJC_ROOT_CLASS = YES_ERROR;
				CLANG_WARN_SUSPICIOUS_MOVE = YES;
				CLANG_WARN_UNREACHABLE_CODE = YES;
				CLANG_WARN__DUPLICATE_METHOD_MATCH = YES;
				"CODE_SIGN_IDENTITY[sdk=iphoneos*]" = "iPhone Developer";
				COPY_PHASE_STRIP = NO;
				DEBUG_INFORMATION_FORMAT = dwarf;
				ENABLE_STRICT_OBJC_MSGSEND = YES;
				ENABLE_TESTABILITY = YES;
				GCC_C_LANGUAGE_STANDARD = gnu99;
				GCC_DYNAMIC_NO_PIC = NO;
				GCC_NO_COMMON_BLOCKS = YES;
				GCC_OPTIMIZATION_LEVEL = 0;
				GCC_PREPROCESSOR_DEFINITIONS = (
					"DEBUG=1",
					"$(inherited)",
				);
				GCC_WARN_64_TO_32_BIT_CONVERSION = YES;
				GCC_WARN_ABOUT_RETURN_TYPE = YES_ERROR;
				GCC_WARN_UNDECLARED_SELECTOR = YES;
				GCC_WARN_UNINITIALIZED_AUTOS = YES_AGGRESSIVE;
				GCC_WARN_UNUSED_FUNCTION = YES;
				GCC_WARN_UNUSED_VARIABLE = YES;
				IPHONEOS_DEPLOYMENT_TARGET = 10.2;
				MTL_ENABLE_DEBUG_INFO = YES;
				ONLY_ACTIVE_ARCH = YES;
				SDKROOT = iphoneos;
				SWIFT_ACTIVE_COMPILATION_CONDITIONS = DEBUG;
				SWIFT_OPTIMIZATION_LEVEL = "-Onone";
				TARGETED_DEVICE_FAMILY = "1,2";
			};
			name = Debug;
		};
		79F33F8B1E823EDD00634B9C /* Release */ = {
			isa = XCBuildConfiguration;
			buildSettings = {
				ALWAYS_SEARCH_USER_PATHS = NO;
				CLANG_ANALYZER_NONNULL = YES;
				CLANG_CXX_LANGUAGE_STANDARD = "gnu++0x";
				CLANG_CXX_LIBRARY = "libc++";
				CLANG_ENABLE_MODULES = YES;
				CLANG_ENABLE_OBJC_ARC = YES;
				CLANG_WARN_BOOL_CONVERSION = YES;
				CLANG_WARN_CONSTANT_CONVERSION = YES;
				CLANG_WARN_DIRECT_OBJC_ISA_USAGE = YES_ERROR;
				CLANG_WARN_DOCUMENTATION_COMMENTS = YES;
				CLANG_WARN_EMPTY_BODY = YES;
				CLANG_WARN_ENUM_CONVERSION = YES;
				CLANG_WARN_INFINITE_RECURSION = YES;
				CLANG_WARN_INT_CONVERSION = YES;
				CLANG_WARN_OBJC_ROOT_CLASS = YES_ERROR;
				CLANG_WARN_SUSPICIOUS_MOVE = YES;
				CLANG_WARN_UNREACHABLE_CODE = YES;
				CLANG_WARN__DUPLICATE_METHOD_MATCH = YES;
				"CODE_SIGN_IDENTITY[sdk=iphoneos*]" = "iPhone Developer";
				COPY_PHASE_STRIP = NO;
				DEBUG_INFORMATION_FORMAT = "dwarf-with-dsym";
				ENABLE_NS_ASSERTIONS = NO;
				ENABLE_STRICT_OBJC_MSGSEND = YES;
				GCC_C_LANGUAGE_STANDARD = gnu99;
				GCC_NO_COMMON_BLOCKS = YES;
				GCC_WARN_64_TO_32_BIT_CONVERSION = YES;
				GCC_WARN_ABOUT_RETURN_TYPE = YES_ERROR;
				GCC_WARN_UNDECLARED_SELECTOR = YES;
				GCC_WARN_UNINITIALIZED_AUTOS = YES_AGGRESSIVE;
				GCC_WARN_UNUSED_FUNCTION = YES;
				GCC_WARN_UNUSED_VARIABLE = YES;
				IPHONEOS_DEPLOYMENT_TARGET = 10.2;
				MTL_ENABLE_DEBUG_INFO = NO;
				SDKROOT = iphoneos;
				SWIFT_OPTIMIZATION_LEVEL = "-Owholemodule";
				TARGETED_DEVICE_FAMILY = "1,2";
				VALIDATE_PRODUCT = YES;
			};
			name = Release;
		};
		79F33F8D1E823EDD00634B9C /* Debug */ = {
			isa = XCBuildConfiguration;
			baseConfigurationReference = 8E80D50A74CE04198313BC84 /* Pods-Nimbl3Survey.debug.xcconfig */;
			buildSettings = {
				ASSETCATALOG_COMPILER_APPICON_NAME = AppIcon;
				DEVELOPMENT_TEAM = Q97F9KZ3J6;
				INFOPLIST_FILE = Nimbl3Survey/Info.plist;
				LD_RUNPATH_SEARCH_PATHS = "$(inherited) @executable_path/Frameworks";
				PRODUCT_BUNDLE_IDENTIFIER = net.wolftrail.Nimbl3Survey;
				PRODUCT_NAME = "$(TARGET_NAME)";
				SWIFT_VERSION = 3.0;
			};
			name = Debug;
		};
		79F33F8E1E823EDD00634B9C /* Release */ = {
			isa = XCBuildConfiguration;
			baseConfigurationReference = 9021A2D512088113AC55C155 /* Pods-Nimbl3Survey.release.xcconfig */;
			buildSettings = {
				ASSETCATALOG_COMPILER_APPICON_NAME = AppIcon;
				DEVELOPMENT_TEAM = Q97F9KZ3J6;
				INFOPLIST_FILE = Nimbl3Survey/Info.plist;
				LD_RUNPATH_SEARCH_PATHS = "$(inherited) @executable_path/Frameworks";
				PRODUCT_BUNDLE_IDENTIFIER = net.wolftrail.Nimbl3Survey;
				PRODUCT_NAME = "$(TARGET_NAME)";
				SWIFT_VERSION = 3.0;
			};
			name = Release;
		};
		79F33F901E823EDD00634B9C /* Debug */ = {
			isa = XCBuildConfiguration;
			buildSettings = {
				ALWAYS_EMBED_SWIFT_STANDARD_LIBRARIES = YES;
				BUNDLE_LOADER = "$(TEST_HOST)";
				DEVELOPMENT_TEAM = Q97F9KZ3J6;
				INFOPLIST_FILE = Nimbl3SurveyTests/Info.plist;
				LD_RUNPATH_SEARCH_PATHS = "$(inherited) @executable_path/Frameworks @loader_path/Frameworks";
				PRODUCT_BUNDLE_IDENTIFIER = net.wolftrail.Nimbl3SurveyTests;
				PRODUCT_NAME = "$(TARGET_NAME)";
				SWIFT_VERSION = 3.0;
				TEST_HOST = "$(BUILT_PRODUCTS_DIR)/Nimbl3Survey.app/Nimbl3Survey";
			};
			name = Debug;
		};
		79F33F911E823EDD00634B9C /* Release */ = {
			isa = XCBuildConfiguration;
			buildSettings = {
				ALWAYS_EMBED_SWIFT_STANDARD_LIBRARIES = YES;
				BUNDLE_LOADER = "$(TEST_HOST)";
				DEVELOPMENT_TEAM = Q97F9KZ3J6;
				INFOPLIST_FILE = Nimbl3SurveyTests/Info.plist;
				LD_RUNPATH_SEARCH_PATHS = "$(inherited) @executable_path/Frameworks @loader_path/Frameworks";
				PRODUCT_BUNDLE_IDENTIFIER = net.wolftrail.Nimbl3SurveyTests;
				PRODUCT_NAME = "$(TARGET_NAME)";
				SWIFT_VERSION = 3.0;
				TEST_HOST = "$(BUILT_PRODUCTS_DIR)/Nimbl3Survey.app/Nimbl3Survey";
			};
			name = Release;
		};
		79F33F931E823EDD00634B9C /* Debug */ = {
			isa = XCBuildConfiguration;
			buildSettings = {
				ALWAYS_EMBED_SWIFT_STANDARD_LIBRARIES = YES;
				DEVELOPMENT_TEAM = Q97F9KZ3J6;
				INFOPLIST_FILE = Nimbl3SurveyUITests/Info.plist;
				LD_RUNPATH_SEARCH_PATHS = "$(inherited) @executable_path/Frameworks @loader_path/Frameworks";
				PRODUCT_BUNDLE_IDENTIFIER = net.wolftrail.Nimbl3SurveyUITests;
				PRODUCT_NAME = "$(TARGET_NAME)";
				SWIFT_VERSION = 3.0;
				TEST_TARGET_NAME = Nimbl3Survey;
			};
			name = Debug;
		};
		79F33F941E823EDD00634B9C /* Release */ = {
			isa = XCBuildConfiguration;
			buildSettings = {
				ALWAYS_EMBED_SWIFT_STANDARD_LIBRARIES = YES;
				DEVELOPMENT_TEAM = Q97F9KZ3J6;
				INFOPLIST_FILE = Nimbl3SurveyUITests/Info.plist;
				LD_RUNPATH_SEARCH_PATHS = "$(inherited) @executable_path/Frameworks @loader_path/Frameworks";
				PRODUCT_BUNDLE_IDENTIFIER = net.wolftrail.Nimbl3SurveyUITests;
				PRODUCT_NAME = "$(TARGET_NAME)";
				SWIFT_VERSION = 3.0;
				TEST_TARGET_NAME = Nimbl3Survey;
			};
			name = Release;
		};
/* End XCBuildConfiguration section */

/* Begin XCConfigurationList section */
		79F33F5F1E823EDC00634B9C /* Build configuration list for PBXProject "Nimbl3Survey" */ = {
			isa = XCConfigurationList;
			buildConfigurations = (
				79F33F8A1E823EDD00634B9C /* Debug */,
				79F33F8B1E823EDD00634B9C /* Release */,
			);
			defaultConfigurationIsVisible = 0;
			defaultConfigurationName = Release;
		};
		79F33F8C1E823EDD00634B9C /* Build configuration list for PBXNativeTarget "Nimbl3Survey" */ = {
			isa = XCConfigurationList;
			buildConfigurations = (
				79F33F8D1E823EDD00634B9C /* Debug */,
				79F33F8E1E823EDD00634B9C /* Release */,
			);
			defaultConfigurationIsVisible = 0;
			defaultConfigurationName = Release;
		};
		79F33F8F1E823EDD00634B9C /* Build configuration list for PBXNativeTarget "Nimbl3SurveyTests" */ = {
			isa = XCConfigurationList;
			buildConfigurations = (
				79F33F901E823EDD00634B9C /* Debug */,
				79F33F911E823EDD00634B9C /* Release */,
			);
			defaultConfigurationIsVisible = 0;
			defaultConfigurationName = Release;
		};
		79F33F921E823EDD00634B9C /* Build configuration list for PBXNativeTarget "Nimbl3SurveyUITests" */ = {
			isa = XCConfigurationList;
			buildConfigurations = (
				79F33F931E823EDD00634B9C /* Debug */,
				79F33F941E823EDD00634B9C /* Release */,
			);
			defaultConfigurationIsVisible = 0;
			defaultConfigurationName = Release;
		};
/* End XCConfigurationList section */
	};
	rootObject = 79F33F5C1E823EDC00634B9C /* Project object */;
}
